# THIS IS AN AUTOGENERATED FILE. DO NOT EDIT THIS FILE DIRECTLY.
# yarn lockfile v1


"@fortawesome/fontawesome-free@^5.15.2":
  version "5.15.2"
  resolved "https://registry.yarnpkg.com/@fortawesome/fontawesome-free/-/fontawesome-free-5.15.2.tgz#218cd7276ab4f9ab57cc3d2efa2697e6a579f25d"
  integrity sha512-7l/AX41m609L/EXI9EKH3Vs3v0iA8tKlIOGtw+kgcoanI7p+e4I4GYLqW3UXWiTnjSFymKSmTTPKYrivzbxxqA==

"@popperjs/core@^2.6.0":
  version "2.6.0"
  resolved "https://registry.yarnpkg.com/@popperjs/core/-/core-2.6.0.tgz#f022195afdfc942e088ee2101285a1d31c7d727f"
  integrity sha512-cPqjjzuFWNK3BSKLm0abspP0sp/IGOli4p5I5fKFAzdS8fvjdOwDCfZqAaIiXd9lPkOWi3SUUfZof3hEb7J/uw==

axios@^0.21.1:
  version "0.21.1"
  resolved "https://registry.yarnpkg.com/axios/-/axios-0.21.1.tgz#22563481962f4d6bde9a76d516ef0e5d3c09b2b8"
  integrity sha512-dKQiRHxGD9PPRIUNIWvZhPTPpl1rf/OxTYKsqKUDjBwYylTvV7SjSHJb9ratfyzM6wCdLCOYLzs73qpg5c4iGA==
  dependencies:
    follow-redirects "^1.10.0"

bootstrap@^5.0.0-beta1:
  version "5.0.0-beta1"
  resolved "https://registry.yarnpkg.com/bootstrap/-/bootstrap-5.0.0-beta1.tgz#18135001a452b3ec38b344ac638a1f9549285ee7"
  integrity sha512-UrHApw/WRmT7l2rlDdn5iXr7Jps/LlMZtJlLn9G41aGDfss48hyDeYyHtX1C6NHKVcmdUarGG+ve0LZB5iHyTQ==

emailjs-com@^3.0.1:
  version "3.2.0"
  resolved "https://registry.yarnpkg.com/emailjs-com/-/emailjs-com-3.2.0.tgz#a53cb22f1bc433c701c84c53d8b56eefd5ce7111"
  integrity sha512-Prbz3E1usiAwGjMNYRv6EsJ5c373cX7/AGnZQwOfrpNJrygQJ15+E9OOq4pU8yC977Z5xMetRfc3WmDX6RcjAA==

follow-redirects@^1.10.0:
  version "1.13.1"
  resolved "https://registry.yarnpkg.com/follow-redirects/-/follow-redirects-1.13.1.tgz#5f69b813376cee4fd0474a3aba835df04ab763b7"
  integrity sha512-SSG5xmZh1mkPGyKzjZP8zLjltIfpW32Y5QpdNJyjcfGxK3qo3NDDkZOZSFiGn1A6SclQxY9GzEwAHQ3dmYRWpg==

mdb-ui-kit@^3.1.0:
  version "3.1.0"
  resolved "https://registry.yarnpkg.com/mdb-ui-kit/-/mdb-ui-kit-3.1.0.tgz#45b3280e8bc5325cc1bc2e8151ba40898ca2fa47"
  integrity sha512-ypIoiJlV3rdNuJiREippL43tcv+AydcZHEz54MAZiQ39KnMtg2J7CAXpmRP7YD9vYH5if94s70ioTtAdySlofA==
